
Microsoft Visual Studio Solution File, Format Version 12.00
# Visual Studio Version 17
VisualStudioVersion = 17.9.34622.214
MinimumVisualStudioVersion = 10.0.40219.1
Project("{FAE04EC0-301F-11D3-BF4B-00C04F79EFBC}") = "FactoryMethod", "FactoryMethod\FactoryMethod.csproj", "{03C97CEE-C11C-419D-907E-18FBD3EEA38C}"
EndProject
Project("{FAE04EC0-301F-11D3-BF4B-00C04F79EFBC}") = "AbstractFactory", "AbstractFactory\AbstractFactory.csproj", "{7A0834BE-1C9E-4E3A-9815-AC2205288608}"
EndProject
Project("{2150E333-8FDC-42A3-9474-1A3956D46DE8}") = "Creacionales", "Creacionales", "{422F01D8-B203-4280-89A8-E4802156A82C}"
EndProject
Project("{FAE04EC0-301F-11D3-BF4B-00C04F79EFBC}") = "Builder", "Builder\Builder.csproj", "{8EA411B0-FEEE-45D4-BAC3-7FC5AA3D6DF3}"
EndProject
Project("{FAE04EC0-301F-11D3-BF4B-00C04F79EFBC}") = "ChainOfResponsibility", "ChainOfResponsibility\ChainOfResponsibility.csproj", "{A5CBA135-C559-46B7-B9AE-3B19D00666C9}"
EndProject
Project("{2150E333-8FDC-42A3-9474-1A3956D46DE8}") = "Comportamiento", "Comportamiento", "{D0FA8D5E-FB10-42CA-B24B-FB67667A939A}"
EndProject
Project("{FAE04EC0-301F-11D3-BF4B-00C04F79EFBC}") = "Observer", "Observer\Observer.csproj", "{EF452F03-CAA0-4B11-9845-08439A9CDE12}"
EndProject
Project("{2150E333-8FDC-42A3-9474-1A3956D46DE8}") = "Estructurales", "Estructurales", "{608D01A9-F106-4D3B-A853-17AA636C7473}"
EndProject
Project("{FAE04EC0-301F-11D3-BF4B-00C04F79EFBC}") = "Adapter", "Adapter\Adapter.csproj", "{81804F12-0592-49FC-8CA5-DACAD96D4356}"
EndProject
Project("{FAE04EC0-301F-11D3-BF4B-00C04F79EFBC}") = "Bridge", "Bridge\Bridge.csproj", "{701FE892-24FB-4846-992B-863C37F9C7B8}"
EndProject
Project("{FAE04EC0-301F-11D3-BF4B-00C04F79EFBC}") = "Composite", "Composite\Composite.csproj", "{DC5536EE-F655-4AF8-AE2F-8C5E48F3AD8E}"
EndProject
Project("{FAE04EC0-301F-11D3-BF4B-00C04F79EFBC}") = "Decorator", "Decorator\Decorator.csproj", "{384FAEE3-8BCE-4233-A33A-F8D501CD5326}"
EndProject
Global
	GlobalSection(SolutionConfigurationPlatforms) = preSolution
		Debug|Any CPU = Debug|Any CPU
		Release|Any CPU = Release|Any CPU
	EndGlobalSection
	GlobalSection(ProjectConfigurationPlatforms) = postSolution
		{03C97CEE-C11C-419D-907E-18FBD3EEA38C}.Debug|Any CPU.ActiveCfg = Debug|Any CPU
		{03C97CEE-C11C-419D-907E-18FBD3EEA38C}.Debug|Any CPU.Build.0 = Debug|Any CPU
		{03C97CEE-C11C-419D-907E-18FBD3EEA38C}.Release|Any CPU.ActiveCfg = Release|Any CPU
		{03C97CEE-C11C-419D-907E-18FBD3EEA38C}.Release|Any CPU.Build.0 = Release|Any CPU
		{7A0834BE-1C9E-4E3A-9815-AC2205288608}.Debug|Any CPU.ActiveCfg = Debug|Any CPU
		{7A0834BE-1C9E-4E3A-9815-AC2205288608}.Debug|Any CPU.Build.0 = Debug|Any CPU
		{7A0834BE-1C9E-4E3A-9815-AC2205288608}.Release|Any CPU.ActiveCfg = Release|Any CPU
		{7A0834BE-1C9E-4E3A-9815-AC2205288608}.Release|Any CPU.Build.0 = Release|Any CPU
		{8EA411B0-FEEE-45D4-BAC3-7FC5AA3D6DF3}.Debug|Any CPU.ActiveCfg = Debug|Any CPU
		{8EA411B0-FEEE-45D4-BAC3-7FC5AA3D6DF3}.Debug|Any CPU.Build.0 = Debug|Any CPU
		{8EA411B0-FEEE-45D4-BAC3-7FC5AA3D6DF3}.Release|Any CPU.ActiveCfg = Release|Any CPU
		{8EA411B0-FEEE-45D4-BAC3-7FC5AA3D6DF3}.Release|Any CPU.Build.0 = Release|Any CPU
		{A5CBA135-C559-46B7-B9AE-3B19D00666C9}.Debug|Any CPU.ActiveCfg = Debug|Any CPU
		{A5CBA135-C559-46B7-B9AE-3B19D00666C9}.Debug|Any CPU.Build.0 = Debug|Any CPU
		{A5CBA135-C559-46B7-B9AE-3B19D00666C9}.Release|Any CPU.ActiveCfg = Release|Any CPU
		{A5CBA135-C559-46B7-B9AE-3B19D00666C9}.Release|Any CPU.Build.0 = Release|Any CPU
		{EF452F03-CAA0-4B11-9845-08439A9CDE12}.Debug|Any CPU.ActiveCfg = Debug|Any CPU
		{EF452F03-CAA0-4B11-9845-08439A9CDE12}.Debug|Any CPU.Build.0 = Debug|Any CPU
		{EF452F03-CAA0-4B11-9845-08439A9CDE12}.Release|Any CPU.ActiveCfg = Release|Any CPU
		{EF452F03-CAA0-4B11-9845-08439A9CDE12}.Release|Any CPU.Build.0 = Release|Any CPU
		{81804F12-0592-49FC-8CA5-DACAD96D4356}.Debug|Any CPU.ActiveCfg = Debug|Any CPU
		{81804F12-0592-49FC-8CA5-DACAD96D4356}.Debug|Any CPU.Build.0 = Debug|Any CPU
		{81804F12-0592-49FC-8CA5-DACAD96D4356}.Release|Any CPU.ActiveCfg = Release|Any CPU
		{81804F12-0592-49FC-8CA5-DACAD96D4356}.Release|Any CPU.Build.0 = Release|Any CPU
		{701FE892-24FB-4846-992B-863C37F9C7B8}.Debug|Any CPU.ActiveCfg = Debug|Any CPU
		{701FE892-24FB-4846-992B-863C37F9C7B8}.Debug|Any CPU.Build.0 = Debug|Any CPU
		{701FE892-24FB-4846-992B-863C37F9C7B8}.Release|Any CPU.ActiveCfg = Release|Any CPU
		{701FE892-24FB-4846-992B-863C37F9C7B8}.Release|Any CPU.Build.0 = Release|Any CPU
		{DC5536EE-F655-4AF8-AE2F-8C5E48F3AD8E}.Debug|Any CPU.ActiveCfg = Debug|Any CPU
		{DC5536EE-F655-4AF8-AE2F-8C5E48F3AD8E}.Debug|Any CPU.Build.0 = Debug|Any CPU
		{DC5536EE-F655-4AF8-AE2F-8C5E48F3AD8E}.Release|Any CPU.ActiveCfg = Release|Any CPU
		{DC5536EE-F655-4AF8-AE2F-8C5E48F3AD8E}.Release|Any CPU.Build.0 = Release|Any CPU
		{384FAEE3-8BCE-4233-A33A-F8D501CD5326}.Debug|Any CPU.ActiveCfg = Debug|Any CPU
		{384FAEE3-8BCE-4233-A33A-F8D501CD5326}.Debug|Any CPU.Build.0 = Debug|Any CPU
		{384FAEE3-8BCE-4233-A33A-F8D501CD5326}.Release|Any CPU.ActiveCfg = Release|Any CPU
		{384FAEE3-8BCE-4233-A33A-F8D501CD5326}.Release|Any CPU.Build.0 = Release|Any CPU
	EndGlobalSection
	GlobalSection(SolutionProperties) = preSolution
		HideSolutionNode = FALSE
	EndGlobalSection
	GlobalSection(NestedProjects) = preSolution
		{03C97CEE-C11C-419D-907E-18FBD3EEA38C} = {422F01D8-B203-4280-89A8-E4802156A82C}
		{7A0834BE-1C9E-4E3A-9815-AC2205288608} = {422F01D8-B203-4280-89A8-E4802156A82C}
		{8EA411B0-FEEE-45D4-BAC3-7FC5AA3D6DF3} = {422F01D8-B203-4280-89A8-E4802156A82C}
		{A5CBA135-C559-46B7-B9AE-3B19D00666C9} = {D0FA8D5E-FB10-42CA-B24B-FB67667A939A}
		{EF452F03-CAA0-4B11-9845-08439A9CDE12} = {D0FA8D5E-FB10-42CA-B24B-FB67667A939A}
		{81804F12-0592-49FC-8CA5-DACAD96D4356} = {608D01A9-F106-4D3B-A853-17AA636C7473}
		{701FE892-24FB-4846-992B-863C37F9C7B8} = {608D01A9-F106-4D3B-A853-17AA636C7473}
		{DC5536EE-F655-4AF8-AE2F-8C5E48F3AD8E} = {608D01A9-F106-4D3B-A853-17AA636C7473}
		{384FAEE3-8BCE-4233-A33A-F8D501CD5326} = {608D01A9-F106-4D3B-A853-17AA636C7473}
	EndGlobalSection
	GlobalSection(ExtensibilityGlobals) = postSolution
		SolutionGuid = {97C51CBF-18D5-4895-B4D9-FA317F47D7B1}
	EndGlobalSection
EndGlobal
