
Microsoft Visual Studio Solution File, Format Version 12.00
# Visual Studio Version 17
VisualStudioVersion = 17.9.34622.214
MinimumVisualStudioVersion = 10.0.40219.1
Project("{FAE04EC0-301F-11D3-BF4B-00C04F79EFBC}") = "FactoryMethod", "FactoryMethod\FactoryMethod.csproj", "{03C97CEE-C11C-419D-907E-18FBD3EEA38C}"
EndProject
Global
	GlobalSection(SolutionConfigurationPlatforms) = preSolution
		Debug|Any CPU = Debug|Any CPU
		Release|Any CPU = Release|Any CPU
	EndGlobalSection
	GlobalSection(ProjectConfigurationPlatforms) = postSolution
		{03C97CEE-C11C-419D-907E-18FBD3EEA38C}.Debug|Any CPU.ActiveCfg = Debug|Any CPU
		{03C97CEE-C11C-419D-907E-18FBD3EEA38C}.Debug|Any CPU.Build.0 = Debug|Any CPU
		{03C97CEE-C11C-419D-907E-18FBD3EEA38C}.Release|Any CPU.ActiveCfg = Release|Any CPU
		{03C97CEE-C11C-419D-907E-18FBD3EEA38C}.Release|Any CPU.Build.0 = Release|Any CPU
	EndGlobalSection
	GlobalSection(SolutionProperties) = preSolution
		HideSolutionNode = FALSE
	EndGlobalSection
	GlobalSection(ExtensibilityGlobals) = postSolution
		SolutionGuid = {97C51CBF-18D5-4895-B4D9-FA317F47D7B1}
	EndGlobalSection
EndGlobal
